{
  "pins" : [
    {
      "identity" : "genericnetworklayer",
      "kind" : "remoteSourceControl",
      "location" : "https://github.com/luk407/GenericNetworkLayer.git",
      "state" : {
        "branch" : "main",
        "revision" : "270424a08d79a3fcb3b58275388dd7b6c6009c54"
      }
    }
  ],
  "version" : 2
}
