{
  "pins" : [
    {
      "identity" : "genericnetworklayer",
      "kind" : "remoteSourceControl",
      "location" : "https://github.com/luk407/GenericNetworkLayer.git",
      "state" : {
        "branch" : "main",
        "revision" : "b367084cd8c612bd06f5e9d93d92e8222d4531fd"
      }
    }
  ],
  "version" : 2
}
